// !$*UTF8*$!
{
	archiveVersion = 1;
	classes = {
	};
	objectVersion = 77;
	objects = {

/* Begin PBXBuildFile section */
		34A3BB732F5DA6C8005149D1 /* TestFixtures.swift in Sources */ = {isa = PBXBuildFile; fileRef = 34A3BB6D2F5DA6C8005149D1 /* TestFixtures.swift */; };
		34A3BB742F5DA6C8005149D1 /* OpenCodeSSEClientEventParserTests.swift in Sources */ = {isa = PBXBuildFile; fileRef = 34A3BB6E2F5DA6C8005149D1 /* OpenCodeSSEClientEventParserTests.swift */; };
		34A3BB752F5DA6C8005149D1 /* LiveSyncTrackerTests.swift in Sources */ = {isa = PBXBuildFile; fileRef = 34A3BB6F2F5DA6C8005149D1 /* LiveSyncTrackerTests.swift */; };
		34A3BB762F5DA6C8005149D1 /* TranscriptTurnTests.swift in Sources */ = {isa = PBXBuildFile; fileRef = 34A3BB702F5DA6C8005149D1 /* TranscriptTurnTests.swift */; };
		34A3BB772F5DA6C8005149D1 /* SessionTodoDockStateMachineTests.swift in Sources */ = {isa = PBXBuildFile; fileRef = 34A3BB712F5DA6C8005149D1 /* SessionTodoDockStateMachineTests.swift */; };
		34A3BB782F5DA6C8005149D1 /* ProjectOrderResolverTests.swift in Sources */ = {isa = PBXBuildFile; fileRef = 34A3BB722F5DA6C8005149D1 /* ProjectOrderResolverTests.swift */; };
		55E4C1012F7000010A000001 /* MessageMarkdownRendererTests.swift in Sources */ = {isa = PBXBuildFile; fileRef = 55E4C1022F7000010A000001 /* MessageMarkdownRendererTests.swift */; };
		55E4C2012F7000010A000001 /* TerminalToggleButtonStyleTests.swift in Sources */ = {isa = PBXBuildFile; fileRef = 55E4C2022F7000010A000001 /* TerminalToggleButtonStyleTests.swift */; };
		55E4C2032F7000010A000001 /* TerminalWebViewVisibilityTransitionTests.swift in Sources */ = {isa = PBXBuildFile; fileRef = 55E4C2042F7000010A000001 /* TerminalWebViewVisibilityTransitionTests.swift */; };
		55E4C2052F7000010A000001 /* OpenCodeAPIClientPTYRequestTests.swift in Sources */ = {isa = PBXBuildFile; fileRef = 55E4C2062F7000010A000001 /* OpenCodeAPIClientPTYRequestTests.swift */; };
		55E4C2072F7000010A000001 /* KodantoAppModelSessionActionsTests.swift in Sources */ = {isa = PBXBuildFile; fileRef = 55E4C2082F7000010A000001 /* KodantoAppModelSessionActionsTests.swift */; };
		55E4C2092F7000010A000001 /* TerminalStoreTests.swift in Sources */ = {isa = PBXBuildFile; fileRef = 55E4C20A2F7000010A000001 /* TerminalStoreTests.swift */; };
		55E4C20B2F7000010A000001 /* TerminalLayoutStoreTests.swift in Sources */ = {isa = PBXBuildFile; fileRef = 55E4C20C2F7000010A000001 /* TerminalLayoutStoreTests.swift */; };
		66A1B0012F8000010B000001 /* TerminalPanelSizingTests.swift in Sources */ = {isa = PBXBuildFile; fileRef = 66A1B0022F8000010B000001 /* TerminalPanelSizingTests.swift */; };
/* End PBXBuildFile section */

/* Begin PBXContainerItemProxy section */
		34A3BB792F5DA6C8005149D1 /* PBXContainerItemProxy */ = {
			isa = PBXContainerItemProxy;
			containerPortal = 34A3BB562F5DA6C6005149D1 /* Project object */;
			proxyType = 1;
			remoteGlobalIDString = 34A3BB5D2F5DA6C6005149D1;
			remoteInfo = kodanto;
		};
/* End PBXContainerItemProxy section */

/* Begin PBXFileReference section */
		34A3BB5E2F5DA6C6005149D1 /* Kodanto.app */ = {isa = PBXFileReference; explicitFileType = wrapper.application; includeInIndex = 0; path = Kodanto.app; sourceTree = BUILT_PRODUCTS_DIR; };
		34A3BB6C2F5DA6C8005149D1 /* kodantoTests.xctest */ = {isa = PBXFileReference; explicitFileType = wrapper.cfbundle; includeInIndex = 0; path = kodantoTests.xctest; sourceTree = BUILT_PRODUCTS_DIR; };
		34A3BB6D2F5DA6C8005149D1 /* TestFixtures.swift */ = {isa = PBXFileReference; lastKnownFileType = sourcecode.swift; path = TestFixtures.swift; sourceTree = "<group>"; };
		34A3BB6E2F5DA6C8005149D1 /* OpenCodeSSEClientEventParserTests.swift */ = {isa = PBXFileReference; lastKnownFileType = sourcecode.swift; path = OpenCodeSSEClientEventParserTests.swift; sourceTree = "<group>"; };
		34A3BB6F2F5DA6C8005149D1 /* LiveSyncTrackerTests.swift */ = {isa = PBXFileReference; lastKnownFileType = sourcecode.swift; path = LiveSyncTrackerTests.swift; sourceTree = "<group>"; };
		34A3BB702F5DA6C8005149D1 /* TranscriptTurnTests.swift */ = {isa = PBXFileReference; lastKnownFileType = sourcecode.swift; path = TranscriptTurnTests.swift; sourceTree = "<group>"; };
		34A3BB712F5DA6C8005149D1 /* SessionTodoDockStateMachineTests.swift */ = {isa = PBXFileReference; lastKnownFileType = sourcecode.swift; path = SessionTodoDockStateMachineTests.swift; sourceTree = "<group>"; };
		34A3BB722F5DA6C8005149D1 /* ProjectOrderResolverTests.swift */ = {isa = PBXFileReference; lastKnownFileType = sourcecode.swift; path = ProjectOrderResolverTests.swift; sourceTree = "<group>"; };
		55E4C1022F7000010A000001 /* MessageMarkdownRendererTests.swift */ = {isa = PBXFileReference; lastKnownFileType = sourcecode.swift; path = MessageMarkdownRendererTests.swift; sourceTree = "<group>"; };
		55E4C2022F7000010A000001 /* TerminalToggleButtonStyleTests.swift */ = {isa = PBXFileReference; lastKnownFileType = sourcecode.swift; path = TerminalToggleButtonStyleTests.swift; sourceTree = "<group>"; };
		55E4C2042F7000010A000001 /* TerminalWebViewVisibilityTransitionTests.swift */ = {isa = PBXFileReference; lastKnownFileType = sourcecode.swift; path = TerminalWebViewVisibilityTransitionTests.swift; sourceTree = "<group>"; };
		55E4C2062F7000010A000001 /* OpenCodeAPIClientPTYRequestTests.swift */ = {isa = PBXFileReference; lastKnownFileType = sourcecode.swift; path = OpenCodeAPIClientPTYRequestTests.swift; sourceTree = "<group>"; };
		55E4C2082F7000010A000001 /* KodantoAppModelSessionActionsTests.swift */ = {isa = PBXFileReference; lastKnownFileType = sourcecode.swift; path = KodantoAppModelSessionActionsTests.swift; sourceTree = "<group>"; };
		55E4C20A2F7000010A000001 /* TerminalStoreTests.swift */ = {isa = PBXFileReference; lastKnownFileType = sourcecode.swift; path = TerminalStoreTests.swift; sourceTree = "<group>"; };
		55E4C20C2F7000010A000001 /* TerminalLayoutStoreTests.swift */ = {isa = PBXFileReference; lastKnownFileType = sourcecode.swift; path = TerminalLayoutStoreTests.swift; sourceTree = "<group>"; };
		66A1B0022F8000010B000001 /* TerminalPanelSizingTests.swift */ = {isa = PBXFileReference; lastKnownFileType = sourcecode.swift; path = TerminalPanelSizingTests.swift; sourceTree = "<group>"; };
/* End PBXFileReference section */

/* Begin PBXFileSystemSynchronizedRootGroup section */
		34A3BB602F5DA6C6005149D1 /* kodanto */ = {
			isa = PBXFileSystemSynchronizedRootGroup;
			path = kodanto;
			sourceTree = "<group>";
		};
/* End PBXFileSystemSynchronizedRootGroup section */

/* Begin PBXFrameworksBuildPhase section */
		34A3BB5B2F5DA6C6005149D1 /* Frameworks */ = {
			isa = PBXFrameworksBuildPhase;
			buildActionMask = 2147483647;
			files = (
			);
			runOnlyForDeploymentPostprocessing = 0;
		};
/* End PBXFrameworksBuildPhase section */

/* Begin PBXGroup section */
		34A3BB552F5DA6C6005149D1 = {
			isa = PBXGroup;
			children = (
				34A3BB602F5DA6C6005149D1 /* kodanto */,
				34A3BB7A2F5DA6C8005149D1 /* kodantoTests */,
				34A3BB5F2F5DA6C6005149D1 /* Products */,
			);
			sourceTree = "<group>";
		};
		34A3BB5F2F5DA6C6005149D1 /* Products */ = {
			isa = PBXGroup;
			children = (
				34A3BB5E2F5DA6C6005149D1 /* Kodanto.app */,
				34A3BB6C2F5DA6C8005149D1 /* kodantoTests.xctest */,
			);
			name = Products;
			sourceTree = "<group>";
		};
		34A3BB7A2F5DA6C8005149D1 /* kodantoTests */ = {
			isa = PBXGroup;
			children = (
				34A3BB6D2F5DA6C8005149D1 /* TestFixtures.swift */,
				34A3BB6E2F5DA6C8005149D1 /* OpenCodeSSEClientEventParserTests.swift */,
				34A3BB6F2F5DA6C8005149D1 /* LiveSyncTrackerTests.swift */,
				34A3BB702F5DA6C8005149D1 /* TranscriptTurnTests.swift */,
				34A3BB712F5DA6C8005149D1 /* SessionTodoDockStateMachineTests.swift */,
				34A3BB722F5DA6C8005149D1 /* ProjectOrderResolverTests.swift */,
				55E4C1022F7000010A000001 /* MessageMarkdownRendererTests.swift */,
				55E4C2022F7000010A000001 /* TerminalToggleButtonStyleTests.swift */,
				55E4C2042F7000010A000001 /* TerminalWebViewVisibilityTransitionTests.swift */,
				55E4C2062F7000010A000001 /* OpenCodeAPIClientPTYRequestTests.swift */,
				55E4C2082F7000010A000001 /* KodantoAppModelSessionActionsTests.swift */,
				55E4C20A2F7000010A000001 /* TerminalStoreTests.swift */,
				55E4C20C2F7000010A000001 /* TerminalLayoutStoreTests.swift */,
				66A1B0022F8000010B000001 /* TerminalPanelSizingTests.swift */,
			);
			path = kodantoTests;
			sourceTree = "<group>";
		};
/* End PBXGroup section */

/* Begin PBXNativeTarget section */
		34A3BB5D2F5DA6C6005149D1 /* kodanto */ = {
			isa = PBXNativeTarget;
			buildConfigurationList = 34A3BB692F5DA6C8005149D1 /* Build configuration list for PBXNativeTarget "kodanto" */;
			buildPhases = (
				34A3BB5A2F5DA6C6005149D1 /* Sources */,
				34A3BB5B2F5DA6C6005149D1 /* Frameworks */,
				34A3BB5C2F5DA6C6005149D1 /* Resources */,
			);
			buildRules = (
			);
			dependencies = (
			);
			fileSystemSynchronizedGroups = (
				34A3BB602F5DA6C6005149D1 /* kodanto */,
			);
			name = kodanto;
			packageProductDependencies = (
			);
			productName = Kodanto;
			productReference = 34A3BB5E2F5DA6C6005149D1 /* Kodanto.app */;
			productType = "com.apple.product-type.application";
		};
		34A3BB7B2F5DA6C8005149D1 /* kodantoTests */ = {
			isa = PBXNativeTarget;
			buildConfigurationList = 34A3BB7E2F5DA6C8005149D1 /* Build configuration list for PBXNativeTarget "kodantoTests" */;
			buildPhases = (
				34A3BB7D2F5DA6C8005149D1 /* Sources */,
			);
			buildRules = (
			);
			dependencies = (
				34A3BB7C2F5DA6C8005149D1 /* PBXTargetDependency */,
			);
			name = kodantoTests;
			packageProductDependencies = (
			);
			productName = kodantoTests;
			productReference = 34A3BB6C2F5DA6C8005149D1 /* kodantoTests.xctest */;
			productType = "com.apple.product-type.bundle.unit-test";
		};
/* End PBXNativeTarget section */

/* Begin PBXProject section */
		34A3BB562F5DA6C6005149D1 /* Project object */ = {
			isa = PBXProject;
			attributes = {
				BuildIndependentTargetsInParallel = 1;
				LastSwiftUpdateCheck = 2640;
				LastUpgradeCheck = 2640;
				TargetAttributes = {
					34A3BB5D2F5DA6C6005149D1 = {
						CreatedOnToolsVersion = 26.4;
					};
					34A3BB7B2F5DA6C8005149D1 = {
						CreatedOnToolsVersion = 26.4;
						TestTargetID = 34A3BB5D2F5DA6C6005149D1;
					};
				};
			};
			buildConfigurationList = 34A3BB592F5DA6C6005149D1 /* Build configuration list for PBXProject "kodanto" */;
			developmentRegion = en;
			hasScannedForEncodings = 0;
			knownRegions = (
				en,
				Base,
			);
			mainGroup = 34A3BB552F5DA6C6005149D1;
			minimizedProjectReferenceProxies = 1;
			preferredProjectObjectVersion = 77;
			productRefGroup = 34A3BB5F2F5DA6C6005149D1 /* Products */;
			projectDirPath = "";
			projectRoot = "";
			targets = (
				34A3BB5D2F5DA6C6005149D1 /* kodanto */,
				34A3BB7B2F5DA6C8005149D1 /* kodantoTests */,
			);
		};
/* End PBXProject section */

/* Begin PBXResourcesBuildPhase section */
		34A3BB5C2F5DA6C6005149D1 /* Resources */ = {
			isa = PBXResourcesBuildPhase;
			buildActionMask = 2147483647;
			files = (
			);
			runOnlyForDeploymentPostprocessing = 0;
		};
/* End PBXResourcesBuildPhase section */

/* Begin PBXSourcesBuildPhase section */
		34A3BB5A2F5DA6C6005149D1 /* Sources */ = {
			isa = PBXSourcesBuildPhase;
			buildActionMask = 2147483647;
			files = (
			);
			runOnlyForDeploymentPostprocessing = 0;
		};
		34A3BB7D2F5DA6C8005149D1 /* Sources */ = {
			isa = PBXSourcesBuildPhase;
			buildActionMask = 2147483647;
			files = (
				34A3BB732F5DA6C8005149D1 /* TestFixtures.swift in Sources */,
				34A3BB742F5DA6C8005149D1 /* OpenCodeSSEClientEventParserTests.swift in Sources */,
				34A3BB752F5DA6C8005149D1 /* LiveSyncTrackerTests.swift in Sources */,
				34A3BB762F5DA6C8005149D1 /* TranscriptTurnTests.swift in Sources */,
				34A3BB772F5DA6C8005149D1 /* SessionTodoDockStateMachineTests.swift in Sources */,
				34A3BB782F5DA6C8005149D1 /* ProjectOrderResolverTests.swift in Sources */,
				55E4C1012F7000010A000001 /* MessageMarkdownRendererTests.swift in Sources */,
				55E4C2012F7000010A000001 /* TerminalToggleButtonStyleTests.swift in Sources */,
				55E4C2032F7000010A000001 /* TerminalWebViewVisibilityTransitionTests.swift in Sources */,
				55E4C2052F7000010A000001 /* OpenCodeAPIClientPTYRequestTests.swift in Sources */,
				55E4C2072F7000010A000001 /* KodantoAppModelSessionActionsTests.swift in Sources */,
				55E4C2092F7000010A000001 /* TerminalStoreTests.swift in Sources */,
				55E4C20B2F7000010A000001 /* TerminalLayoutStoreTests.swift in Sources */,
				66A1B0012F8000010B000001 /* TerminalPanelSizingTests.swift in Sources */,
			);
			runOnlyForDeploymentPostprocessing = 0;
		};
/* End PBXSourcesBuildPhase section */

/* Begin PBXTargetDependency section */
		34A3BB7C2F5DA6C8005149D1 /* PBXTargetDependency */ = {
			isa = PBXTargetDependency;
			target = 34A3BB5D2F5DA6C6005149D1 /* kodanto */;
			targetProxy = 34A3BB792F5DA6C8005149D1 /* PBXContainerItemProxy */;
		};
/* End PBXTargetDependency section */

/* Begin XCBuildConfiguration section */
		34A3BB672F5DA6C8005149D1 /* Debug */ = {
			isa = XCBuildConfiguration;
			buildSettings = {
				ALWAYS_SEARCH_USER_PATHS = NO;
				ASSETCATALOG_COMPILER_GENERATE_SWIFT_ASSET_SYMBOL_EXTENSIONS = YES;
				CLANG_ANALYZER_NONNULL = YES;
				CLANG_ANALYZER_NUMBER_OBJECT_CONVERSION = YES_AGGRESSIVE;
				CLANG_CXX_LANGUAGE_STANDARD = "gnu++20";
				CLANG_ENABLE_MODULES = YES;
				CLANG_ENABLE_OBJC_ARC = YES;
				CLANG_ENABLE_OBJC_WEAK = YES;
				CLANG_WARN_BLOCK_CAPTURE_AUTORELEASING = YES;
				CLANG_WARN_BOOL_CONVERSION = YES;
				CLANG_WARN_COMMA = YES;
				CLANG_WARN_CONSTANT_CONVERSION = YES;
				CLANG_WARN_DEPRECATED_OBJC_IMPLEMENTATIONS = YES;
				CLANG_WARN_DIRECT_OBJC_ISA_USAGE = YES_ERROR;
				CLANG_WARN_DOCUMENTATION_COMMENTS = YES;
				CLANG_WARN_EMPTY_BODY = YES;
				CLANG_WARN_ENUM_CONVERSION = YES;
				CLANG_WARN_INFINITE_RECURSION = YES;
				CLANG_WARN_INT_CONVERSION = YES;
				CLANG_WARN_NON_LITERAL_NULL_CONVERSION = YES;
				CLANG_WARN_OBJC_IMPLICIT_RETAIN_SELF = YES;
				CLANG_WARN_OBJC_LITERAL_CONVERSION = YES;
				CLANG_WARN_OBJC_ROOT_CLASS = YES_ERROR;
				CLANG_WARN_QUOTED_INCLUDE_IN_FRAMEWORK_HEADER = YES;
				CLANG_WARN_RANGE_LOOP_ANALYSIS = YES;
				CLANG_WARN_STRICT_PROTOTYPES = YES;
				CLANG_WARN_SUSPICIOUS_MOVE = YES;
				CLANG_WARN_UNGUARDED_AVAILABILITY = YES_AGGRESSIVE;
				CLANG_WARN_UNREACHABLE_CODE = YES;
				CLANG_WARN__DUPLICATE_METHOD_MATCH = YES;
				COPY_PHASE_STRIP = NO;
				DEBUG_INFORMATION_FORMAT = dwarf;
				ENABLE_STRICT_OBJC_MSGSEND = YES;
				ENABLE_TESTABILITY = YES;
				ENABLE_USER_SCRIPT_SANDBOXING = YES;
				GCC_C_LANGUAGE_STANDARD = gnu17;
				GCC_DYNAMIC_NO_PIC = NO;
				GCC_NO_COMMON_BLOCKS = YES;
				GCC_OPTIMIZATION_LEVEL = 0;
				GCC_PREPROCESSOR_DEFINITIONS = (
					"DEBUG=1",
					"$(inherited)",
				);
				GCC_WARN_64_TO_32_BIT_CONVERSION = YES;
				GCC_WARN_ABOUT_RETURN_TYPE = YES_ERROR;
				GCC_WARN_UNDECLARED_SELECTOR = YES;
				GCC_WARN_UNINITIALIZED_AUTOS = YES_AGGRESSIVE;
				GCC_WARN_UNUSED_FUNCTION = YES;
				GCC_WARN_UNUSED_VARIABLE = YES;
				LOCALIZATION_PREFERS_STRING_CATALOGS = YES;
				MACOSX_DEPLOYMENT_TARGET = 26.2;
				MTL_ENABLE_DEBUG_INFO = INCLUDE_SOURCE;
				MTL_FAST_MATH = YES;
				ONLY_ACTIVE_ARCH = YES;
				SDKROOT = macosx;
				SWIFT_ACTIVE_COMPILATION_CONDITIONS = "DEBUG $(inherited)";
				SWIFT_OPTIMIZATION_LEVEL = "-Onone";
			};
			name = Debug;
		};
		34A3BB682F5DA6C8005149D1 /* Release */ = {
			isa = XCBuildConfiguration;
			buildSettings = {
				ALWAYS_SEARCH_USER_PATHS = NO;
				ASSETCATALOG_COMPILER_GENERATE_SWIFT_ASSET_SYMBOL_EXTENSIONS = YES;
				CLANG_ANALYZER_NONNULL = YES;
				CLANG_ANALYZER_NUMBER_OBJECT_CONVERSION = YES_AGGRESSIVE;
				CLANG_CXX_LANGUAGE_STANDARD = "gnu++20";
				CLANG_ENABLE_MODULES = YES;
				CLANG_ENABLE_OBJC_ARC = YES;
				CLANG_ENABLE_OBJC_WEAK = YES;
				CLANG_WARN_BLOCK_CAPTURE_AUTORELEASING = YES;
				CLANG_WARN_BOOL_CONVERSION = YES;
				CLANG_WARN_COMMA = YES;
				CLANG_WARN_CONSTANT_CONVERSION = YES;
				CLANG_WARN_DEPRECATED_OBJC_IMPLEMENTATIONS = YES;
				CLANG_WARN_DIRECT_OBJC_ISA_USAGE = YES_ERROR;
				CLANG_WARN_DOCUMENTATION_COMMENTS = YES;
				CLANG_WARN_EMPTY_BODY = YES;
				CLANG_WARN_ENUM_CONVERSION = YES;
				CLANG_WARN_INFINITE_RECURSION = YES;
				CLANG_WARN_INT_CONVERSION = YES;
				CLANG_WARN_NON_LITERAL_NULL_CONVERSION = YES;
				CLANG_WARN_OBJC_IMPLICIT_RETAIN_SELF = YES;
				CLANG_WARN_OBJC_LITERAL_CONVERSION = YES;
				CLANG_WARN_OBJC_ROOT_CLASS = YES_ERROR;
				CLANG_WARN_QUOTED_INCLUDE_IN_FRAMEWORK_HEADER = YES;
				CLANG_WARN_RANGE_LOOP_ANALYSIS = YES;
				CLANG_WARN_STRICT_PROTOTYPES = YES;
				CLANG_WARN_SUSPICIOUS_MOVE = YES;
				CLANG_WARN_UNGUARDED_AVAILABILITY = YES_AGGRESSIVE;
				CLANG_WARN_UNREACHABLE_CODE = YES;
				CLANG_WARN__DUPLICATE_METHOD_MATCH = YES;
				COPY_PHASE_STRIP = NO;
				DEBUG_INFORMATION_FORMAT = "dwarf-with-dsym";
				ENABLE_NS_ASSERTIONS = NO;
				ENABLE_STRICT_OBJC_MSGSEND = YES;
				ENABLE_USER_SCRIPT_SANDBOXING = YES;
				GCC_C_LANGUAGE_STANDARD = gnu17;
				GCC_NO_COMMON_BLOCKS = YES;
				GCC_WARN_64_TO_32_BIT_CONVERSION = YES;
				GCC_WARN_ABOUT_RETURN_TYPE = YES_ERROR;
				GCC_WARN_UNDECLARED_SELECTOR = YES;
				GCC_WARN_UNINITIALIZED_AUTOS = YES_AGGRESSIVE;
				GCC_WARN_UNUSED_FUNCTION = YES;
				GCC_WARN_UNUSED_VARIABLE = YES;
				LOCALIZATION_PREFERS_STRING_CATALOGS = YES;
				MACOSX_DEPLOYMENT_TARGET = 26.2;
				MTL_ENABLE_DEBUG_INFO = NO;
				MTL_FAST_MATH = YES;
				SDKROOT = macosx;
				SWIFT_COMPILATION_MODE = wholemodule;
			};
			name = Release;
		};
		34A3BB6A2F5DA6C8005149D1 /* Debug */ = {
			isa = XCBuildConfiguration;
			buildSettings = {
				ARCHS = arm64;
				ASSETCATALOG_COMPILER_APPICON_NAME = AppIcon;
				ASSETCATALOG_COMPILER_GLOBAL_ACCENT_COLOR_NAME = AccentColor;
				CODE_SIGN_STYLE = Automatic;
				COMBINE_HIDPI_IMAGES = YES;
				CURRENT_PROJECT_VERSION = 1;
				ENABLE_APP_SANDBOX = NO;
				ENABLE_PREVIEWS = YES;
				GENERATE_INFOPLIST_FILE = YES;
				INFOPLIST_KEY_CFBundleDisplayName = Kodanto;
				INFOPLIST_KEY_CFBundleName = Kodanto;
				INFOPLIST_KEY_NSHumanReadableCopyright = "";
				LD_RUNPATH_SEARCH_PATHS = (
					"$(inherited)",
					"@executable_path/../Frameworks",
				);
				MARKETING_VERSION = 1.0;
				PRODUCT_BUNDLE_IDENTIFIER = mallison.kodanto;
				PRODUCT_MODULE_NAME = kodanto;
				PRODUCT_NAME = Kodanto;
				REGISTER_APP_GROUPS = YES;
				STRING_CATALOG_GENERATE_SYMBOLS = YES;
				SWIFT_APPROACHABLE_CONCURRENCY = YES;
				SWIFT_DEFAULT_ACTOR_ISOLATION = MainActor;
				SWIFT_EMIT_LOC_STRINGS = YES;
				SWIFT_UPCOMING_FEATURE_MEMBER_IMPORT_VISIBILITY = YES;
				SWIFT_VERSION = 5.0;
			};
			name = Debug;
		};
		34A3BB6B2F5DA6C8005149D1 /* Release */ = {
			isa = XCBuildConfiguration;
			buildSettings = {
				ARCHS = arm64;
				ASSETCATALOG_COMPILER_APPICON_NAME = AppIcon;
				ASSETCATALOG_COMPILER_GLOBAL_ACCENT_COLOR_NAME = AccentColor;
				CODE_SIGN_STYLE = Automatic;
				COMBINE_HIDPI_IMAGES = YES;
				CURRENT_PROJECT_VERSION = 1;
				ENABLE_APP_SANDBOX = NO;
				ENABLE_PREVIEWS = YES;
				GENERATE_INFOPLIST_FILE = YES;
				INFOPLIST_KEY_CFBundleDisplayName = Kodanto;
				INFOPLIST_KEY_CFBundleName = Kodanto;
				INFOPLIST_KEY_NSHumanReadableCopyright = "";
				LD_RUNPATH_SEARCH_PATHS = (
					"$(inherited)",
					"@executable_path/../Frameworks",
				);
				MARKETING_VERSION = 1.0;
				PRODUCT_BUNDLE_IDENTIFIER = mallison.kodanto;
				PRODUCT_MODULE_NAME = kodanto;
				PRODUCT_NAME = Kodanto;
				REGISTER_APP_GROUPS = YES;
				STRING_CATALOG_GENERATE_SYMBOLS = YES;
				SWIFT_APPROACHABLE_CONCURRENCY = YES;
				SWIFT_DEFAULT_ACTOR_ISOLATION = MainActor;
				SWIFT_EMIT_LOC_STRINGS = YES;
				SWIFT_UPCOMING_FEATURE_MEMBER_IMPORT_VISIBILITY = YES;
				SWIFT_VERSION = 5.0;
			};
			name = Release;
		};
		34A3BB7F2F5DA6C8005149D1 /* Debug */ = {
			isa = XCBuildConfiguration;
			buildSettings = {
				ARCHS = arm64;
				BUNDLE_LOADER = "$(TEST_HOST)";
				CODE_SIGN_STYLE = Automatic;
				COMBINE_HIDPI_IMAGES = YES;
				GENERATE_INFOPLIST_FILE = YES;
				LD_RUNPATH_SEARCH_PATHS = (
					"$(inherited)",
					"@executable_path/../Frameworks",
					"@loader_path/../Frameworks",
				);
				PRODUCT_BUNDLE_IDENTIFIER = mallison.kodantoTests;
				PRODUCT_MODULE_NAME = kodantoTests;
				PRODUCT_NAME = kodantoTests;
				SDKROOT = macosx;
				SWIFT_VERSION = 5.0;
				TEST_HOST = "$(BUILT_PRODUCTS_DIR)/Kodanto.app/Contents/MacOS/Kodanto";
				TEST_TARGET_NAME = kodanto;
			};
			name = Debug;
		};
		34A3BB802F5DA6C8005149D1 /* Release */ = {
			isa = XCBuildConfiguration;
			buildSettings = {
				ARCHS = arm64;
				BUNDLE_LOADER = "$(TEST_HOST)";
				CODE_SIGN_STYLE = Automatic;
				COMBINE_HIDPI_IMAGES = YES;
				GENERATE_INFOPLIST_FILE = YES;
				LD_RUNPATH_SEARCH_PATHS = (
					"$(inherited)",
					"@executable_path/../Frameworks",
					"@loader_path/../Frameworks",
				);
				PRODUCT_BUNDLE_IDENTIFIER = mallison.kodantoTests;
				PRODUCT_MODULE_NAME = kodantoTests;
				PRODUCT_NAME = kodantoTests;
				SDKROOT = macosx;
				SWIFT_VERSION = 5.0;
				TEST_HOST = "$(BUILT_PRODUCTS_DIR)/Kodanto.app/Contents/MacOS/Kodanto";
				TEST_TARGET_NAME = kodanto;
			};
			name = Release;
		};
/* End XCBuildConfiguration section */

/* Begin XCConfigurationList section */
		34A3BB592F5DA6C6005149D1 /* Build configuration list for PBXProject "kodanto" */ = {
			isa = XCConfigurationList;
			buildConfigurations = (
				34A3BB672F5DA6C8005149D1 /* Debug */,
				34A3BB682F5DA6C8005149D1 /* Release */,
			);
			defaultConfigurationIsVisible = 0;
			defaultConfigurationName = Release;
		};
		34A3BB692F5DA6C8005149D1 /* Build configuration list for PBXNativeTarget "kodanto" */ = {
			isa = XCConfigurationList;
			buildConfigurations = (
				34A3BB6A2F5DA6C8005149D1 /* Debug */,
				34A3BB6B2F5DA6C8005149D1 /* Release */,
			);
			defaultConfigurationIsVisible = 0;
			defaultConfigurationName = Release;
		};
		34A3BB7E2F5DA6C8005149D1 /* Build configuration list for PBXNativeTarget "kodantoTests" */ = {
			isa = XCConfigurationList;
			buildConfigurations = (
				34A3BB7F2F5DA6C8005149D1 /* Debug */,
				34A3BB802F5DA6C8005149D1 /* Release */,
			);
			defaultConfigurationIsVisible = 0;
			defaultConfigurationName = Debug;
		};
/* End XCConfigurationList section */
	};
	rootObject = 34A3BB562F5DA6C6005149D1 /* Project object */;
}
